{
  "name": "safeguard",
  "version": "1.2.0",
  "lockfileVersion": 1,
  "requires": true,
  "dependencies": {
    "ansi-regex": {
      "version": "4.0.0",
      "resolved": "https://registry.npmjs.org/ansi-regex/-/ansi-regex-4.0.0.tgz",
      "integrity": "sha512-iB5Dda8t/UqpPI/IjsejXu5jOGDrzn41wJyljwPH65VCIbk6+1BzFIMJGFwTNrYXT1CrD+B4l19U7awiQ8rk7w=="
    },
    "asn1": {
      "version": "0.2.4",
      "resolved": "https://registry.npmjs.org/asn1/-/asn1-0.2.4.tgz",
      "integrity": "sha512-jxwzQpLQjSmWXgwaCZE9Nz+glAG01yF1QnWgbhGwHI5A6FRIEY6IVqtHhIepHqI7/kyEyQEagBC5mBEFlIYvdg==",
      "requires": {
        "safer-buffer": "~2.1.0"
      }
    },
    "color-name": {
      "version": "1.1.4",
      "resolved": "https://registry.npmjs.org/color-name/-/color-name-1.1.4.tgz",
      "integrity": "sha512-dOy+3AuW3a2wNbZHIuMZpTcgjGuLU/uBL/ubcZF9OXbDo8ff4O8yVp5Bf0efS8uEoYo5q4Fx7dY9OgQGXgAsQA=="
    },
    "colors": {
      "version": "1.3.3",
      "resolved": "https://registry.npmjs.org/colors/-/colors-1.3.3.tgz",
      "integrity": "sha512-mmGt/1pZqYRjMxB1axhTo16/snVZ5krrKkcmMeVKxzECMMXoCgnvTPp10QgHfcbQZw8Dq2jMNG6je4JlWU0gWg=="
    },
    "commander": {
      "version": "2.19.0",
      "resolved": "https://registry.npmjs.org/commander/-/commander-2.19.0.tgz",
      "integrity": "sha512-6tvAOO+D6OENvRAh524Dh9jcfKTYDQAqvqezbCW82xj5X0pSrcpxtvRKHLG0yBY6SD7PSDrJaj+0AiOcKVd1Xg=="
    },
    "configurator": {
      "version": "1.0.0",
      "resolved": "git+ssh://git@gitlab.dopamine.bg:devops/configurator.git#564a377bdcf6fbf3a3a300c2546356c48d0f2705",
      "optional": true
    },
    "denque": {
      "version": "1.3.0",
      "resolved": "https://registry.npmjs.org/denque/-/denque-1.3.0.tgz",
      "integrity": "sha512-4SRaSj+PqmrS1soW5/Avd7eJIM2JJIqLLmwhRqIGleZM/8KwZq80njbSS2Iqas+6oARkSkLDHEk4mm78q3JlIg=="
    },
    "dopamine-toolbox": {
      "version": "git+ssh://git@gitlab.dopamine.bg:devops/toolbox.git#db84a1772f998122b461671202453c8c4a649d92",
      "from": "git+ssh://git@gitlab.dopamine.bg:devops/toolbox.git",
      "requires": {
        "ansi-regex": "^4.0.0",
        "color-name": "^1.1.4",
        "colors": "^1.3.2",
        "commander": "^2.19.0",
        "mysql2": "^1.6.1",
        "node-fetch": "^2.2.0",
        "ssh2": "^0.6.1"
      }
    },
    "generate-function": {
      "version": "2.3.1",
      "resolved": "https://registry.npmjs.org/generate-function/-/generate-function-2.3.1.tgz",
      "integrity": "sha512-eeB5GfMNeevm/GRYq20ShmsaGcmI81kIX2K9XQx5miC8KdHaC6Jm0qQ8ZNeGOi7wYB8OsdxKs+Y2oVuTFuVwKQ==",
      "requires": {
        "is-property": "^1.0.2"
      }
    },
    "iconv-lite": {
      "version": "0.4.24",
      "resolved": "https://registry.npmjs.org/iconv-lite/-/iconv-lite-0.4.24.tgz",
      "integrity": "sha512-v3MXnZAcvnywkTUEZomIActle7RXXeedOR31wwl7VlyoXO4Qi9arvSenNQWne1TcRwhCL1HwLI21bEqdpj8/rA==",
      "requires": {
        "safer-buffer": ">= 2.1.2 < 3"
      }
    },
    "is-property": {
      "version": "1.0.2",
      "resolved": "https://registry.npmjs.org/is-property/-/is-property-1.0.2.tgz",
      "integrity": "sha1-V/4cTkhHTt1lsJkR8msc1Ald2oQ="
    },
    "long": {
      "version": "4.0.0",
      "resolved": "https://registry.npmjs.org/long/-/long-4.0.0.tgz",
      "integrity": "sha512-XsP+KhQif4bjX1kbuSiySJFNAehNxgLb6hPRGJ9QsUr8ajHkuXGdrHmFUTUUXhDwVX2R5bY4JNZEwbUiMhV+MA=="
    },
    "lru-cache": {
      "version": "4.1.3",
      "resolved": "https://registry.npmjs.org/lru-cache/-/lru-cache-4.1.3.tgz",
      "integrity": "sha512-fFEhvcgzuIoJVUF8fYr5KR0YqxD238zgObTps31YdADwPPAp82a4M8TrckkWyx7ekNlf9aBcVn81cFwwXngrJA==",
      "requires": {
        "pseudomap": "^1.0.2",
        "yallist": "^2.1.2"
      }
    },
    "moment": {
      "version": "2.24.0",
      "resolved": "https://registry.npmjs.org/moment/-/moment-2.24.0.tgz",
      "integrity": "sha512-bV7f+6l2QigeBBZSM/6yTNq4P2fNpSWj/0e7jQcy87A8e7o2nAfP/34/2ky5Vw4B9S446EtIhodAzkFCcR4dQg=="
    },
    "moment-recur": {
      "version": "1.0.7",
      "resolved": "https://registry.npmjs.org/moment-recur/-/moment-recur-1.0.7.tgz",
      "integrity": "sha1-TVCSr2SK7e1q/lwT7zjFKQHJlBk=",
      "requires": {
        "moment": "<3.0.0"
      }
    },
    "mysql2": {
      "version": "1.6.4",
      "resolved": "https://registry.npmjs.org/mysql2/-/mysql2-1.6.4.tgz",
      "integrity": "sha512-ZYbYgK06HKfxU45tYYLfwW5gKt8BslfE7FGyULNrf2K2fh+DuEX+e0QKsd2ObpZkMILefaVn8hsakVsTFqravQ==",
      "requires": {
        "denque": "1.3.0",
        "generate-function": "^2.3.1",
        "iconv-lite": "^0.4.24",
        "long": "^4.0.0",
        "lru-cache": "4.1.3",
        "named-placeholders": "1.1.1",
        "seq-queue": "0.0.5",
        "sqlstring": "2.3.1"
      }
    },
    "named-placeholders": {
      "version": "1.1.1",
      "resolved": "https://registry.npmjs.org/named-placeholders/-/named-placeholders-1.1.1.tgz",
      "integrity": "sha1-O3oNJiA910s6nfTJz7gnsvuQfmQ=",
      "requires": {
        "lru-cache": "2.5.0"
      },
      "dependencies": {
        "lru-cache": {
          "version": "2.5.0",
          "resolved": "https://registry.npmjs.org/lru-cache/-/lru-cache-2.5.0.tgz",
          "integrity": "sha1-2COIrpyWC+y+oMc7uet5tsbOmus="
        }
      }
    },
    "node-fetch": {
      "version": "2.3.0",
      "resolved": "https://registry.npmjs.org/node-fetch/-/node-fetch-2.3.0.tgz",
      "integrity": "sha512-MOd8pV3fxENbryESLgVIeaGKrdl+uaYhCSSVkjeOb/31/njTpcis5aWfdqgNlHIrKOLRbMnfPINPOML2CIFeXA=="
    },
    "pseudomap": {
      "version": "1.0.2",
      "resolved": "https://registry.npmjs.org/pseudomap/-/pseudomap-1.0.2.tgz",
      "integrity": "sha1-8FKijacOYYkX7wqKw0wa5aaChrM="
    },
    "safer-buffer": {
      "version": "2.1.2",
      "resolved": "https://registry.npmjs.org/safer-buffer/-/safer-buffer-2.1.2.tgz",
      "integrity": "sha512-YZo3K82SD7Riyi0E1EQPojLz7kpepnSQI9IyPbHHg1XXXevb5dJI7tpyN2ADxGcQbHG7vcyRHk0cbwqcQriUtg=="
    },
    "semver": {
      "version": "5.6.0",
      "resolved": "https://registry.npmjs.org/semver/-/semver-5.6.0.tgz",
      "integrity": "sha512-RS9R6R35NYgQn++fkDWaOmqGoj4Ek9gGs+DPxNUZKuwE183xjJroKvyo1IzVFeXvUrvmALy6FWD5xrdJT25gMg=="
    },
    "seq-queue": {
      "version": "0.0.5",
      "resolved": "https://registry.npmjs.org/seq-queue/-/seq-queue-0.0.5.tgz",
      "integrity": "sha1-1WgS4cAXpuTnw+Ojeh2m143TyT4="
    },
    "sqlstring": {
      "version": "2.3.1",
      "resolved": "https://registry.npmjs.org/sqlstring/-/sqlstring-2.3.1.tgz",
      "integrity": "sha1-R1OT/56RR5rqYtyvDKPRSYOn+0A="
    },
    "ssh2": {
      "version": "0.6.2",
      "resolved": "https://registry.npmjs.org/ssh2/-/ssh2-0.6.2.tgz",
      "integrity": "sha512-DJ+dOhXEEsmNpcQTI0x69FS++JH6qqL/ltEHf01pI1SSLMAcmD+hL4jRwvHjPwynPsmSUbHJ/WIZYzROfqZWjA==",
      "requires": {
        "ssh2-streams": "~0.2.0"
      }
    },
    "ssh2-streams": {
      "version": "0.2.1",
      "resolved": "https://registry.npmjs.org/ssh2-streams/-/ssh2-streams-0.2.1.tgz",
      "integrity": "sha512-3zCOsmunh1JWgPshfhKmBCL3lUtHPoh+a/cyQ49Ft0Q0aF7xgN06b76L+oKtFi0fgO57FLjFztb1GlJcEZ4a3Q==",
      "requires": {
        "asn1": "~0.2.0",
        "semver": "^5.1.0",
        "streamsearch": "~0.1.2"
      }
    },
    "streamsearch": {
      "version": "0.1.2",
      "resolved": "https://registry.npmjs.org/streamsearch/-/streamsearch-0.1.2.tgz",
      "integrity": "sha1-gIudDlb8Jz2Am6VzOOkpkZoanxo="
    },
    "yallist": {
      "version": "2.1.2",
      "resolved": "https://registry.npmjs.org/yallist/-/yallist-2.1.2.tgz",
      "integrity": "sha1-HBH5IY8HYImkfdUS+TxmmaaoHVI="
    }
  }
}
